// !$*UTF8*$!
{
	archiveVersion = 1;
	classes = {
	};
	objectVersion = 46;
	objects = {

/* Begin PBXBuildFile section */
		BC6A0A450EF93F9700881ACF /* MainWindow.cpp in Sources */ = {isa = PBXBuildFile; fileRef = BC6A0A420EF93F9700881ACF /* MainWindow.cpp */; };
		BC6A0A460EF93F9700881ACF /* Application.cpp in Sources */ = {isa = PBXBuildFile; fileRef = BC6A0A430EF93F9700881ACF /* Application.cpp */; };
		BC6A0A470EF93F9700881ACF /* MainWindow.cpp in Sources */ = {isa = PBXBuildFile; fileRef = BC6A0A420EF93F9700881ACF /* MainWindow.cpp */; };
		BC6A0A480EF93F9700881ACF /* Application.cpp in Sources */ = {isa = PBXBuildFile; fileRef = BC6A0A430EF93F9700881ACF /* Application.cpp */; };
		C99995FC0DA6EE97001A7116 /* Foundation.framework in Frameworks */ = {isa = PBXBuildFile; fileRef = 1D30AB110D05D00D00671497 /* Foundation.framework */; };
		C99995FD0DA6EE97001A7116 /* UIKit.framework in Frameworks */ = {isa = PBXBuildFile; fileRef = 1DF5F4DF0D08C38300B7A737 /* UIKit.framework */; };
		C99995FE0DA6EE97001A7116 /* CoreGraphics.framework in Frameworks */ = {isa = PBXBuildFile; fileRef = 1D3623EB0D0F72F000981E51 /* CoreGraphics.framework */; };
		C99997300DA6F405001A7116 /* OpenGLES.framework in Frameworks */ = {isa = PBXBuildFile; fileRef = C999972E0DA6F405001A7116 /* OpenGLES.framework */; };
		C99997720DA6F9F2001A7116 /* AudioToolbox.framework in Frameworks */ = {isa = PBXBuildFile; fileRef = C99997710DA6F9F2001A7116 /* AudioToolbox.framework */; };
		C99998F60DA7CAF2001A7116 /* QuartzCore.framework in Frameworks */ = {isa = PBXBuildFile; fileRef = C99998F50DA7CAF2001A7116 /* QuartzCore.framework */; };
		C9CD09880DDDC04B0082235F /* CFNetwork.framework in Frameworks */ = {isa = PBXBuildFile; fileRef = C9CD09870DDDC04B0082235F /* CFNetwork.framework */; };
		C9CD09890DDDC04B0082235F /* CFNetwork.framework in Frameworks */ = {isa = PBXBuildFile; fileRef = C9CD09870DDDC04B0082235F /* CFNetwork.framework */; };
		C9EA04FE0E2917FA0067EF48 /* MediaPlayer.framework in Frameworks */ = {isa = PBXBuildFile; fileRef = C9EA04FD0E2917FA0067EF48 /* MediaPlayer.framework */; };
		C9EA04FF0E2917FA0067EF48 /* MediaPlayer.framework in Frameworks */ = {isa = PBXBuildFile; fileRef = C9EA04FD0E2917FA0067EF48 /* MediaPlayer.framework */; };
		C9F5F92B0DA84CAB00E078ED /* Foundation.framework in Frameworks */ = {isa = PBXBuildFile; fileRef = 1D30AB110D05D00D00671497 /* Foundation.framework */; };
		C9F5F92C0DA84CAB00E078ED /* UIKit.framework in Frameworks */ = {isa = PBXBuildFile; fileRef = 1DF5F4DF0D08C38300B7A737 /* UIKit.framework */; };
		C9F5F92D0DA84CAB00E078ED /* CoreGraphics.framework in Frameworks */ = {isa = PBXBuildFile; fileRef = 1D3623EB0D0F72F000981E51 /* CoreGraphics.framework */; };
		C9F5F92E0DA84CAB00E078ED /* OpenGLES.framework in Frameworks */ = {isa = PBXBuildFile; fileRef = C999972E0DA6F405001A7116 /* OpenGLES.framework */; };
		C9F5F92F0DA84CAB00E078ED /* AudioToolbox.framework in Frameworks */ = {isa = PBXBuildFile; fileRef = C99997710DA6F9F2001A7116 /* AudioToolbox.framework */; };
		C9F5F9300DA84CAB00E078ED /* QuartzCore.framework in Frameworks */ = {isa = PBXBuildFile; fileRef = C99998F50DA7CAF2001A7116 /* QuartzCore.framework */; };
		E545757F13C5234F004C57D9 /* libnuiPhone.a in Frameworks */ = {isa = PBXBuildFile; fileRef = E531652813C5230200161EDA /* libnuiPhone.a */; };
		E545758213C5235C004C57D9 /* libnuiPhoneD.a in Frameworks */ = {isa = PBXBuildFile; fileRef = E531652613C5230200161EDA /* libnuiPhoneD.a */; };
		E545758413C52476004C57D9 /* resource in Resources */ = {isa = PBXBuildFile; fileRef = E545758313C52476004C57D9 /* resource */; };
		E545758513C52476004C57D9 /* resource in Resources */ = {isa = PBXBuildFile; fileRef = E545758313C52476004C57D9 /* resource */; };
/* End PBXBuildFile section */

/* Begin PBXContainerItemProxy section */
		E531652113C5230200161EDA /* PBXContainerItemProxy */ = {
			isa = PBXContainerItemProxy;
			containerPortal = E531651413C5230100161EDA /* nui3.xcodeproj */;
			proxyType = 2;
			remoteGlobalIDString = E58172D80C3D103300902DFE;
			remoteInfo = nui3D;
		};
		E531652313C5230200161EDA /* PBXContainerItemProxy */ = {
			isa = PBXContainerItemProxy;
			containerPortal = E531651413C5230100161EDA /* nui3.xcodeproj */;
			proxyType = 2;
			remoteGlobalIDString = E542A1AE0C3F0A5900225219;
			remoteInfo = nui3;
		};
		E531652513C5230200161EDA /* PBXContainerItemProxy */ = {
			isa = PBXContainerItemProxy;
			containerPortal = E531651413C5230100161EDA /* nui3.xcodeproj */;
			proxyType = 2;
			remoteGlobalIDString = E52417F311CB860B0025CA71;
			remoteInfo = nuiPhoneD;
		};
		E531652713C5230200161EDA /* PBXContainerItemProxy */ = {
			isa = PBXContainerItemProxy;
			containerPortal = E531651413C5230100161EDA /* nui3.xcodeproj */;
			proxyType = 2;
			remoteGlobalIDString = E52420E511CBCE9E0025CA71;
			remoteInfo = nuiPhone;
		};
		E531652913C5230200161EDA /* PBXContainerItemProxy */ = {
			isa = PBXContainerItemProxy;
			containerPortal = E531651413C5230100161EDA /* nui3.xcodeproj */;
			proxyType = 2;
			remoteGlobalIDString = 73F086E612E9BA0700656E84;
			remoteInfo = nuiPhone_arm7;
		};
		E531652B13C5230200161EDA /* PBXContainerItemProxy */ = {
			isa = PBXContainerItemProxy;
			containerPortal = E531651413C5230100161EDA /* nui3.xcodeproj */;
			proxyType = 2;
			remoteGlobalIDString = E5A8D1D311E33A54004E14CE;
			remoteInfo = nui3CocoaD;
		};
		E531652D13C5230200161EDA /* PBXContainerItemProxy */ = {
			isa = PBXContainerItemProxy;
			containerPortal = E531651413C5230100161EDA /* nui3.xcodeproj */;
			proxyType = 2;
			remoteGlobalIDString = E5D643E51209AB9C009C26A9;
			remoteInfo = nui3Cocoa;
		};
		E531652F13C5230200161EDA /* PBXContainerItemProxy */ = {
			isa = PBXContainerItemProxy;
			containerPortal = E531651413C5230100161EDA /* nui3.xcodeproj */;
			proxyType = 2;
			remoteGlobalIDString = E5DD341012E09CA800F1EF4E;
			remoteInfo = thirdparty;
		};
		E531653113C5230200161EDA /* PBXContainerItemProxy */ = {
			isa = PBXContainerItemProxy;
			containerPortal = E531651413C5230100161EDA /* nui3.xcodeproj */;
			proxyType = 2;
			remoteGlobalIDString = E5DD3FF412E0B08300F1EF4E;
			remoteInfo = thirdparty_ios;
		};
		E531653313C5230200161EDA /* PBXContainerItemProxy */ = {
			isa = PBXContainerItemProxy;
			containerPortal = E531651413C5230100161EDA /* nui3.xcodeproj */;
			proxyType = 2;
			remoteGlobalIDString = 73F09AC312E9D09E00656E84;
			remoteInfo = thirdparty_ios_arm7;
		};
		E545757D13C52348004C57D9 /* PBXContainerItemProxy */ = {
			isa = PBXContainerItemProxy;
			containerPortal = E531651413C5230100161EDA /* nui3.xcodeproj */;
			proxyType = 1;
			remoteGlobalIDString = E5241BA911CBCE9E0025CA71;
			remoteInfo = nuiPhone;
		};
		E545758013C52356004C57D9 /* PBXContainerItemProxy */ = {
			isa = PBXContainerItemProxy;
			containerPortal = E531651413C5230100161EDA /* nui3.xcodeproj */;
			proxyType = 1;
			remoteGlobalIDString = E52412CD11CB860B0025CA71;
			remoteInfo = nuiPhoneD;
		};
/* End PBXContainerItemProxy section */

/* Begin PBXFileReference section */
		1D30AB110D05D00D00671497 /* Foundation.framework */ = {isa = PBXFileReference; lastKnownFileType = wrapper.framework; name = Foundation.framework; path = System/Library/Frameworks/Foundation.framework; sourceTree = SDKROOT; };
		1D3623EB0D0F72F000981E51 /* CoreGraphics.framework */ = {isa = PBXFileReference; lastKnownFileType = wrapper.framework; name = CoreGraphics.framework; path = System/Library/Frameworks/CoreGraphics.framework; sourceTree = SDKROOT; };
		1DF5F4DF0D08C38300B7A737 /* UIKit.framework */ = {isa = PBXFileReference; lastKnownFileType = wrapper.framework; name = UIKit.framework; path = System/Library/Frameworks/UIKit.framework; sourceTree = SDKROOT; };
		BC6A0A410EF93F9700881ACF /* MainWindow.h */ = {isa = PBXFileReference; fileEncoding = 4; lastKnownFileType = sourcecode.c.h; name = MainWindow.h; path = src/MainWindow.h; sourceTree = SOURCE_ROOT; };
		BC6A0A420EF93F9700881ACF /* MainWindow.cpp */ = {isa = PBXFileReference; fileEncoding = 4; lastKnownFileType = sourcecode.cpp.cpp; name = MainWindow.cpp; path = src/MainWindow.cpp; sourceTree = SOURCE_ROOT; };
		BC6A0A430EF93F9700881ACF /* Application.cpp */ = {isa = PBXFileReference; fileEncoding = 4; lastKnownFileType = sourcecode.cpp.cpp; name = Application.cpp; path = src/Application.cpp; sourceTree = SOURCE_ROOT; };
		BC6A0A440EF93F9700881ACF /* Application.h */ = {isa = PBXFileReference; fileEncoding = 4; lastKnownFileType = sourcecode.c.h; name = Application.h; path = src/Application.h; sourceTree = SOURCE_ROOT; };
		C99996020DA6EE97001A7116 /* TextEdit_iPhone.app */ = {isa = PBXFileReference; explicitFileType = wrapper.application; includeInIndex = 0; path = TextEdit_iPhone.app; sourceTree = BUILT_PRODUCTS_DIR; };
		C999972E0DA6F405001A7116 /* OpenGLES.framework */ = {isa = PBXFileReference; lastKnownFileType = wrapper.framework; name = OpenGLES.framework; path = System/Library/Frameworks/OpenGLES.framework; sourceTree = SDKROOT; };
		C99997710DA6F9F2001A7116 /* AudioToolbox.framework */ = {isa = PBXFileReference; lastKnownFileType = wrapper.framework; name = AudioToolbox.framework; path = System/Library/Frameworks/AudioToolbox.framework; sourceTree = SDKROOT; };
		C99998F50DA7CAF2001A7116 /* QuartzCore.framework */ = {isa = PBXFileReference; lastKnownFileType = wrapper.framework; name = QuartzCore.framework; path = System/Library/Frameworks/QuartzCore.framework; sourceTree = SDKROOT; };
		C9CD09870DDDC04B0082235F /* CFNetwork.framework */ = {isa = PBXFileReference; lastKnownFileType = wrapper.framework; name = CFNetwork.framework; path = System/Library/Frameworks/CFNetwork.framework; sourceTree = SDKROOT; };
		C9EA04FD0E2917FA0067EF48 /* MediaPlayer.framework */ = {isa = PBXFileReference; lastKnownFileType = wrapper.framework; name = MediaPlayer.framework; path = System/Library/Frameworks/MediaPlayer.framework; sourceTree = SDKROOT; };
		C9F2587A0E5861EA00687021 /* dlist.plist */ = {isa = PBXFileReference; fileEncoding = 4; lastKnownFileType = text.plist.xml; path = dlist.plist; sourceTree = "<group>"; };
		C9F5F9330DA84CAB00E078ED /* TextEdit_iPhoneD.app */ = {isa = PBXFileReference; explicitFileType = wrapper.application; includeInIndex = 0; path = TextEdit_iPhoneD.app; sourceTree = BUILT_PRODUCTS_DIR; };
		E531651413C5230100161EDA /* nui3.xcodeproj */ = {isa = PBXFileReference; lastKnownFileType = "wrapper.pb-project"; name = nui3.xcodeproj; path = ../../nui3.xcodeproj; sourceTree = "<group>"; };
		E545758313C52476004C57D9 /* resource */ = {isa = PBXFileReference; lastKnownFileType = folder; path = resource; sourceTree = "<group>"; };
/* End PBXFileReference section */

/* Begin PBXFrameworksBuildPhase section */
		C99995FB0DA6EE97001A7116 /* Frameworks */ = {
			isa = PBXFrameworksBuildPhase;
			buildActionMask = 2147483647;
			files = (
				E545757F13C5234F004C57D9 /* libnuiPhone.a in Frameworks */,
				C99995FC0DA6EE97001A7116 /* Foundation.framework in Frameworks */,
				C99995FD0DA6EE97001A7116 /* UIKit.framework in Frameworks */,
				C99995FE0DA6EE97001A7116 /* CoreGraphics.framework in Frameworks */,
				C99997300DA6F405001A7116 /* OpenGLES.framework in Frameworks */,
				C99997720DA6F9F2001A7116 /* AudioToolbox.framework in Frameworks */,
				C99998F60DA7CAF2001A7116 /* QuartzCore.framework in Frameworks */,
				C9CD09880DDDC04B0082235F /* CFNetwork.framework in Frameworks */,
				C9EA04FE0E2917FA0067EF48 /* MediaPlayer.framework in Frameworks */,
			);
			runOnlyForDeploymentPostprocessing = 0;
		};
		C9F5F9290DA84CAB00E078ED /* Frameworks */ = {
			isa = PBXFrameworksBuildPhase;
			buildActionMask = 2147483647;
			files = (
				E545758213C5235C004C57D9 /* libnuiPhoneD.a in Frameworks */,
				C9F5F92B0DA84CAB00E078ED /* Foundation.framework in Frameworks */,
				C9F5F92C0DA84CAB00E078ED /* UIKit.framework in Frameworks */,
				C9F5F92D0DA84CAB00E078ED /* CoreGraphics.framework in Frameworks */,
				C9F5F92E0DA84CAB00E078ED /* OpenGLES.framework in Frameworks */,
				C9F5F92F0DA84CAB00E078ED /* AudioToolbox.framework in Frameworks */,
				C9F5F9300DA84CAB00E078ED /* QuartzCore.framework in Frameworks */,
				C9CD09890DDDC04B0082235F /* CFNetwork.framework in Frameworks */,
				C9EA04FF0E2917FA0067EF48 /* MediaPlayer.framework in Frameworks */,
			);
			runOnlyForDeploymentPostprocessing = 0;
		};
/* End PBXFrameworksBuildPhase section */

/* Begin PBXGroup section */
		1058C7A0FEA54F0111CA2CBB /* Linked Frameworks */ = {
			isa = PBXGroup;
			children = (
				C9EA04FD0E2917FA0067EF48 /* MediaPlayer.framework */,
				C9CD09870DDDC04B0082235F /* CFNetwork.framework */,
				C99998F50DA7CAF2001A7116 /* QuartzCore.framework */,
				C99997710DA6F9F2001A7116 /* AudioToolbox.framework */,
				C999972E0DA6F405001A7116 /* OpenGLES.framework */,
				1D3623EB0D0F72F000981E51 /* CoreGraphics.framework */,
				1DF5F4DF0D08C38300B7A737 /* UIKit.framework */,
				1D30AB110D05D00D00671497 /* Foundation.framework */,
			);
			name = "Linked Frameworks";
			sourceTree = "<group>";
		};
		1058C7A2FEA54F0111CA2CBB /* Other Frameworks */ = {
			isa = PBXGroup;
			children = (
			);
			name = "Other Frameworks";
			sourceTree = "<group>";
		};
		19C28FACFE9D520D11CA2CBB /* Products */ = {
			isa = PBXGroup;
			children = (
				C99996020DA6EE97001A7116 /* TextEdit_iPhone.app */,
				C9F5F9330DA84CAB00E078ED /* TextEdit_iPhoneD.app */,
			);
			name = Products;
			sourceTree = "<group>";
		};
		29B97314FDCFA39411CA2CEA /* CustomTemplate */ = {
			isa = PBXGroup;
			children = (
				E545758313C52476004C57D9 /* resource */,
				C9F2587A0E5861EA00687021 /* dlist.plist */,
				C99996330DA6EED8001A7116 /* sources */,
				C99996230DA6EED8001A7116 /* dependencies */,
				29B97323FDCFA39411CA2CEA /* Frameworks */,
				19C28FACFE9D520D11CA2CBB /* Products */,
			);
			name = CustomTemplate;
			sourceTree = "<group>";
		};
		29B97323FDCFA39411CA2CEA /* Frameworks */ = {
			isa = PBXGroup;
			children = (
				1058C7A0FEA54F0111CA2CBB /* Linked Frameworks */,
				1058C7A2FEA54F0111CA2CBB /* Other Frameworks */,
			);
			name = Frameworks;
			sourceTree = "<group>";
		};
		C99996230DA6EED8001A7116 /* dependencies */ = {
			isa = PBXGroup;
			children = (
				E531651413C5230100161EDA /* nui3.xcodeproj */,
			);
			name = dependencies;
			sourceTree = "<group>";
		};
		C99996330DA6EED8001A7116 /* sources */ = {
			isa = PBXGroup;
			children = (
				BC6A0A430EF93F9700881ACF /* Application.cpp */,
				BC6A0A440EF93F9700881ACF /* Application.h */,
				BC6A0A420EF93F9700881ACF /* MainWindow.cpp */,
				BC6A0A410EF93F9700881ACF /* MainWindow.h */,
			);
			name = sources;
			sourceTree = "<group>";
		};
		E531651513C5230100161EDA /* Products */ = {
			isa = PBXGroup;
			children = (
				E531652213C5230200161EDA /* libnui3D.a */,
				E531652413C5230200161EDA /* libnui3.a */,
				E531652613C5230200161EDA /* libnuiPhoneD.a */,
				E531652813C5230200161EDA /* libnuiPhone.a */,
				E531652A13C5230200161EDA /* libnuiPhone_arm7.a */,
				E531652C13C5230200161EDA /* libnui3CocoaD.a */,
				E531652E13C5230200161EDA /* libnui3Cocoa.a */,
				E531653013C5230200161EDA /* libthirdparty.a */,
				E531653213C5230200161EDA /* libthirdparty_ios.a */,
				E531653413C5230200161EDA /* libthirdparty_ios_arm7.a */,
			);
			name = Products;
			sourceTree = "<group>";
		};
/* End PBXGroup section */

/* Begin PBXNativeTarget section */
		C99995F80DA6EE97001A7116 /* TextEdit_iPhone */ = {
			isa = PBXNativeTarget;
			buildConfigurationList = C99995FF0DA6EE97001A7116 /* Build configuration list for PBXNativeTarget "TextEdit_iPhone" */;
			buildPhases = (
				C99995FA0DA6EE97001A7116 /* Sources */,
				C99995FB0DA6EE97001A7116 /* Frameworks */,
				C99995F90DA6EE97001A7116 /* Resources */,
			);
			buildRules = (
			);
			dependencies = (
				E545757E13C52348004C57D9 /* PBXTargetDependency */,
			);
			name = TextEdit_iPhone;
			productName = beatmaker;
			productReference = C99996020DA6EE97001A7116 /* TextEdit_iPhone.app */;
			productType = "com.apple.product-type.application";
		};
		C9F5F9070DA84CAB00E078ED /* TextEdit_iPhoneD */ = {
			isa = PBXNativeTarget;
			buildConfigurationList = C9F5F9310DA84CAB00E078ED /* Build configuration list for PBXNativeTarget "TextEdit_iPhoneD" */;
			buildPhases = (
				C9F5F90E0DA84CAB00E078ED /* Sources */,
				C9F5F9290DA84CAB00E078ED /* Frameworks */,
				BC1DAD650F83641200773749 /* Resources */,
			);
			buildRules = (
			);
			dependencies = (
				E545758113C52356004C57D9 /* PBXTargetDependency */,
			);
			name = TextEdit_iPhoneD;
			productName = beatmaker;
			productReference = C9F5F9330DA84CAB00E078ED /* TextEdit_iPhoneD.app */;
			productType = "com.apple.product-type.application";
		};
/* End PBXNativeTarget section */

/* Begin PBXProject section */
		29B97313FDCFA39411CA2CEA /* Project object */ = {
			isa = PBXProject;
			attributes = {
				LastUpgradeCheck = 0420;
			};
			buildConfigurationList = C01FCF4E08A954540054247B /* Build configuration list for PBXProject "TextEdit_iPhone" */;
			compatibilityVersion = "Xcode 3.2";
			developmentRegion = English;
			hasScannedForEncodings = 1;
			knownRegions = (
				en,
			);
			mainGroup = 29B97314FDCFA39411CA2CEA /* CustomTemplate */;
			projectDirPath = "";
			projectReferences = (
				{
					ProductGroup = E531651513C5230100161EDA /* Products */;
					ProjectRef = E531651413C5230100161EDA /* nui3.xcodeproj */;
				},
			);
			projectRoot = "";
			targets = (
				C99995F80DA6EE97001A7116 /* TextEdit_iPhone */,
				C9F5F9070DA84CAB00E078ED /* TextEdit_iPhoneD */,
			);
		};
/* End PBXProject section */

/* Begin PBXReferenceProxy section */
		E531652213C5230200161EDA /* libnui3D.a */ = {
			isa = PBXReferenceProxy;
			fileType = archive.ar;
			path = libnui3D.a;
			remoteRef = E531652113C5230200161EDA /* PBXContainerItemProxy */;
			sourceTree = BUILT_PRODUCTS_DIR;
		};
		E531652413C5230200161EDA /* libnui3.a */ = {
			isa = PBXReferenceProxy;
			fileType = archive.ar;
			path = libnui3.a;
			remoteRef = E531652313C5230200161EDA /* PBXContainerItemProxy */;
			sourceTree = BUILT_PRODUCTS_DIR;
		};
		E531652613C5230200161EDA /* libnuiPhoneD.a */ = {
			isa = PBXReferenceProxy;
			fileType = archive.ar;
			path = libnuiPhoneD.a;
			remoteRef = E531652513C5230200161EDA /* PBXContainerItemProxy */;
			sourceTree = BUILT_PRODUCTS_DIR;
		};
		E531652813C5230200161EDA /* libnuiPhone.a */ = {
			isa = PBXReferenceProxy;
			fileType = archive.ar;
			path = libnuiPhone.a;
			remoteRef = E531652713C5230200161EDA /* PBXContainerItemProxy */;
			sourceTree = BUILT_PRODUCTS_DIR;
		};
		E531652A13C5230200161EDA /* libnuiPhone_arm7.a */ = {
			isa = PBXReferenceProxy;
			fileType = archive.ar;
			path = libnuiPhone_arm7.a;
			remoteRef = E531652913C5230200161EDA /* PBXContainerItemProxy */;
			sourceTree = BUILT_PRODUCTS_DIR;
		};
		E531652C13C5230200161EDA /* libnui3CocoaD.a */ = {
			isa = PBXReferenceProxy;
			fileType = archive.ar;
			path = libnui3CocoaD.a;
			remoteRef = E531652B13C5230200161EDA /* PBXContainerItemProxy */;
			sourceTree = BUILT_PRODUCTS_DIR;
		};
		E531652E13C5230200161EDA /* libnui3Cocoa.a */ = {
			isa = PBXReferenceProxy;
			fileType = archive.ar;
			path = libnui3Cocoa.a;
			remoteRef = E531652D13C5230200161EDA /* PBXContainerItemProxy */;
			sourceTree = BUILT_PRODUCTS_DIR;
		};
		E531653013C5230200161EDA /* libthirdparty.a */ = {
			isa = PBXReferenceProxy;
			fileType = archive.ar;
			path = libthirdparty.a;
			remoteRef = E531652F13C5230200161EDA /* PBXContainerItemProxy */;
			sourceTree = BUILT_PRODUCTS_DIR;
		};
		E531653213C5230200161EDA /* libthirdparty_ios.a */ = {
			isa = PBXReferenceProxy;
			fileType = archive.ar;
			path = libthirdparty_ios.a;
			remoteRef = E531653113C5230200161EDA /* PBXContainerItemProxy */;
			sourceTree = BUILT_PRODUCTS_DIR;
		};
		E531653413C5230200161EDA /* libthirdparty_ios_arm7.a */ = {
			isa = PBXReferenceProxy;
			fileType = archive.ar;
			path = libthirdparty_ios_arm7.a;
			remoteRef = E531653313C5230200161EDA /* PBXContainerItemProxy */;
			sourceTree = BUILT_PRODUCTS_DIR;
		};
/* End PBXReferenceProxy section */

/* Begin PBXResourcesBuildPhase section */
		BC1DAD650F83641200773749 /* Resources */ = {
			isa = PBXResourcesBuildPhase;
			buildActionMask = 2147483647;
			files = (
				E545758513C52476004C57D9 /* resource in Resources */,
			);
			runOnlyForDeploymentPostprocessing = 0;
		};
		C99995F90DA6EE97001A7116 /* Resources */ = {
			isa = PBXResourcesBuildPhase;
			buildActionMask = 2147483647;
			files = (
				E545758413C52476004C57D9 /* resource in Resources */,
			);
			runOnlyForDeploymentPostprocessing = 0;
		};
/* End PBXResourcesBuildPhase section */

/* Begin PBXSourcesBuildPhase section */
		C99995FA0DA6EE97001A7116 /* Sources */ = {
			isa = PBXSourcesBuildPhase;
			buildActionMask = 2147483647;
			files = (
				BC6A0A450EF93F9700881ACF /* MainWindow.cpp in Sources */,
				BC6A0A460EF93F9700881ACF /* Application.cpp in Sources */,
			);
			runOnlyForDeploymentPostprocessing = 0;
		};
		C9F5F90E0DA84CAB00E078ED /* Sources */ = {
			isa = PBXSourcesBuildPhase;
			buildActionMask = 2147483647;
			files = (
				BC6A0A470EF93F9700881ACF /* MainWindow.cpp in Sources */,
				BC6A0A480EF93F9700881ACF /* Application.cpp in Sources */,
			);
			runOnlyForDeploymentPostprocessing = 0;
		};
/* End PBXSourcesBuildPhase section */

/* Begin PBXTargetDependency section */
		E545757E13C52348004C57D9 /* PBXTargetDependency */ = {
			isa = PBXTargetDependency;
			name = nuiPhone;
			targetProxy = E545757D13C52348004C57D9 /* PBXContainerItemProxy */;
		};
		E545758113C52356004C57D9 /* PBXTargetDependency */ = {
			isa = PBXTargetDependency;
			name = nuiPhoneD;
			targetProxy = E545758013C52356004C57D9 /* PBXContainerItemProxy */;
		};
/* End PBXTargetDependency section */

/* Begin XCBuildConfiguration section */
		C01FCF4F08A954540054247B /* Default */ = {
			isa = XCBuildConfiguration;
			buildSettings = {
				ALWAYS_SEARCH_USER_PATHS = YES;
				ARCHS = "$(ARCHS_STANDARD_32_BIT)";
				CODE_SIGN_IDENTITY = "iPhone Developer: Sebastien Metrot (L6L77G9KU6)";
				GCC_C_LANGUAGE_STANDARD = "compiler-default";
				GCC_PFE_C_DIALECTS = "c++";
				GCC_PRECOMPILE_PREFIX_HEADER = NO;
				GCC_PREFIX_HEADER = "";
				GCC_PREPROCESSOR_DEFINITIONS = NUI_IPHONE;
				GCC_THUMB_SUPPORT = NO;
				GCC_WARN_ABOUT_MISSING_PROTOTYPES = YES;
				GCC_WARN_ABOUT_RETURN_TYPE = YES;
				GCC_WARN_UNUSED_VARIABLE = YES;
				HEADER_SEARCH_PATHS = "$(SRCROOT)/../../include";
				IPHONEOS_DEPLOYMENT_TARGET = 3.0;
				ONLY_ACTIVE_ARCH = YES;
				OTHER_CFLAGS = (
					"-x",
					"objective-c++",
					"-ObjC++",
				);
				OTHER_LDFLAGS = (
					"-lz",
					"-liconv",
				);
				SDKROOT = iphoneos;
				USE_HEADERMAP = NO;
			};
			name = Default;
		};
		C99996000DA6EE97001A7116 /* Default */ = {
			isa = XCBuildConfiguration;
			buildSettings = {
				COPY_PHASE_STRIP = YES;
				DEBUG_INFORMATION_FORMAT = "dwarf-with-dsym";
				FRAMEWORK_SEARCH_PATHS = "";
				GCC_AUTO_VECTORIZATION = YES;
				GCC_DYNAMIC_NO_PIC = NO;
				GCC_GENERATE_DEBUGGING_SYMBOLS = YES;
				GCC_OPTIMIZATION_LEVEL = s;
				GCC_PRECOMPILE_PREFIX_HEADER = YES;
				GCC_THUMB_SUPPORT = NO;
				GCC_UNROLL_LOOPS = YES;
				GENERATE_PROFILING_CODE = NO;
				INFOPLIST_FILE = "$(SRCROOT)/Info.plist";
				LIBRARY_SEARCH_PATHS = "";
				PRODUCT_NAME = TextEdit_iPhone;
				STRIPFLAGS = "-SXx";
				STRIP_INSTALLED_PRODUCT = YES;
			};
			name = Default;
		};
		C9F5F9320DA84CAB00E078ED /* Default */ = {
			isa = XCBuildConfiguration;
			buildSettings = {
				CODE_SIGN_IDENTITY = "iPhone Developer: Sebastien Metrot (L6L77G9KU6)";
				COPY_PHASE_STRIP = NO;
				DEBUG_INFORMATION_FORMAT = dwarf;
				FRAMEWORK_SEARCH_PATHS = "";
				GCC_DYNAMIC_NO_PIC = NO;
				GCC_OPTIMIZATION_LEVEL = 0;
				GCC_PRECOMPILE_PREFIX_HEADER = YES;
				GCC_PREPROCESSOR_DEFINITIONS = (
					_DEBUG_,
					_DEBUG,
					NUI_IPHONE,
				);
				GCC_THUMB_SUPPORT = NO;
				GENERATE_PROFILING_CODE = YES;
				INFOPLIST_FILE = "$(SRCROOT)/Info.plist";
				LIBRARY_SEARCH_PATHS = "";
				PRODUCT_NAME = TextEdit_iPhoneD;
				PROVISIONING_PROFILE = "A1E64AB2-0A31-456E-8993-D1E551A5A202";
				TARGETED_DEVICE_FAMILY = "1,2";
			};
			name = Default;
		};
/* End XCBuildConfiguration section */

/* Begin XCConfigurationList section */
		C01FCF4E08A954540054247B /* Build configuration list for PBXProject "TextEdit_iPhone" */ = {
			isa = XCConfigurationList;
			buildConfigurations = (
				C01FCF4F08A954540054247B /* Default */,
			);
			defaultConfigurationIsVisible = 0;
			defaultConfigurationName = Default;
		};
		C99995FF0DA6EE97001A7116 /* Build configuration list for PBXNativeTarget "TextEdit_iPhone" */ = {
			isa = XCConfigurationList;
			buildConfigurations = (
				C99996000DA6EE97001A7116 /* Default */,
			);
			defaultConfigurationIsVisible = 0;
			defaultConfigurationName = Default;
		};
		C9F5F9310DA84CAB00E078ED /* Build configuration list for PBXNativeTarget "TextEdit_iPhoneD" */ = {
			isa = XCConfigurationList;
			buildConfigurations = (
				C9F5F9320DA84CAB00E078ED /* Default */,
			);
			defaultConfigurationIsVisible = 0;
			defaultConfigurationName = Default;
		};
/* End XCConfigurationList section */
	};
	rootObject = 29B97313FDCFA39411CA2CEA /* Project object */;
}
